// !$*UTF8*$!
{
	archiveVersion = 1;
	classes = {
	};
	objectVersion = 46;
	objects = {

/* Begin PBXBuildFile section */
		9642BC8D1B43C8A3003DC4EE /* main.m in Sources */ = {isa = PBXBuildFile; fileRef = 9642BC8C1B43C8A3003DC4EE /* main.m */; };
		9642BC901B43C8A3003DC4EE /* AppDelegate.m in Sources */ = {isa = PBXBuildFile; fileRef = 9642BC8F1B43C8A3003DC4EE /* AppDelegate.m */; };
		9642BC931B43C8A3003DC4EE /* ViewController.m in Sources */ = {isa = PBXBuildFile; fileRef = 9642BC921B43C8A3003DC4EE /* ViewController.m */; };
		9642BC961B43C8A3003DC4EE /* Main.storyboard in Resources */ = {isa = PBXBuildFile; fileRef = 9642BC941B43C8A3003DC4EE /* Main.storyboard */; };
		9642BC981B43C8A3003DC4EE /* Images.xcassets in Resources */ = {isa = PBXBuildFile; fileRef = 9642BC971B43C8A3003DC4EE /* Images.xcassets */; };
		9642BC9B1B43C8A3003DC4EE /* LaunchScreen.xib in Resources */ = {isa = PBXBuildFile; fileRef = 9642BC991B43C8A3003DC4EE /* LaunchScreen.xib */; };
		9642BCA71B43C8A3003DC4EE /* _015_07_01_ColorfulTabBarAnimationTests.m in Sources */ = {isa = PBXBuildFile; fileRef = 9642BCA61B43C8A3003DC4EE /* _015_07_01_ColorfulTabBarAnimationTests.m */; };
		968EDDB01BDE520C00CA74F1 /* UIColor+STColorInit.m in Sources */ = {isa = PBXBuildFile; fileRef = 968EDDAF1BDE520C00CA74F1 /* UIColor+STColorInit.m */; };
		969FCCA81B45049200D2913A /* TColorfulTabBar.m in Sources */ = {isa = PBXBuildFile; fileRef = 969FCCA71B45049200D2913A /* TColorfulTabBar.m */; };
		969FCCAB1B4504A500D2913A /* TColorfulTabBar+Configuration.m in Sources */ = {isa = PBXBuildFile; fileRef = 969FCCAA1B4504A500D2913A /* TColorfulTabBar+Configuration.m */; };
/* End PBXBuildFile section */

/* Begin PBXContainerItemProxy section */
		9642BCA11B43C8A3003DC4EE /* PBXContainerItemProxy */ = {
			isa = PBXContainerItemProxy;
			containerPortal = 9642BC7F1B43C8A3003DC4EE /* Project object */;
			proxyType = 1;
			remoteGlobalIDString = 9642BC861B43C8A3003DC4EE;
			remoteInfo = "2015-07-01-ColorfulTabBarAnimation";
		};
/* End PBXContainerItemProxy section */

/* Begin PBXFileReference section */
		9642BC871B43C8A3003DC4EE /* 2015-07-01-ColorfulTabBarAnimation.app */ = {isa = PBXFileReference; explicitFileType = wrapper.application; includeInIndex = 0; path = "2015-07-01-ColorfulTabBarAnimation.app"; sourceTree = BUILT_PRODUCTS_DIR; };
		9642BC8B1B43C8A3003DC4EE /* Info.plist */ = {isa = PBXFileReference; lastKnownFileType = text.plist.xml; path = Info.plist; sourceTree = "<group>"; };
		9642BC8C1B43C8A3003DC4EE /* main.m */ = {isa = PBXFileReference; lastKnownFileType = sourcecode.c.objc; path = main.m; sourceTree = "<group>"; };
		9642BC8E1B43C8A3003DC4EE /* AppDelegate.h */ = {isa = PBXFileReference; lastKnownFileType = sourcecode.c.h; path = AppDelegate.h; sourceTree = "<group>"; };
		9642BC8F1B43C8A3003DC4EE /* AppDelegate.m */ = {isa = PBXFileReference; lastKnownFileType = sourcecode.c.objc; path = AppDelegate.m; sourceTree = "<group>"; };
		9642BC911B43C8A3003DC4EE /* ViewController.h */ = {isa = PBXFileReference; lastKnownFileType = sourcecode.c.h; path = ViewController.h; sourceTree = "<group>"; };
		9642BC921B43C8A3003DC4EE /* ViewController.m */ = {isa = PBXFileReference; lastKnownFileType = sourcecode.c.objc; path = ViewController.m; sourceTree = "<group>"; };
		9642BC951B43C8A3003DC4EE /* Base */ = {isa = PBXFileReference; lastKnownFileType = file.storyboard; name = Base; path = Base.lproj/Main.storyboard; sourceTree = "<group>"; };
		9642BC971B43C8A3003DC4EE /* Images.xcassets */ = {isa = PBXFileReference; lastKnownFileType = folder.assetcatalog; path = Images.xcassets; sourceTree = "<group>"; };
		9642BC9A1B43C8A3003DC4EE /* Base */ = {isa = PBXFileReference; lastKnownFileType = file.xib; name = Base; path = Base.lproj/LaunchScreen.xib; sourceTree = "<group>"; };
		9642BCA01B43C8A3003DC4EE /* 2015-07-01-ColorfulTabBarAnimationTests.xctest */ = {isa = PBXFileReference; explicitFileType = wrapper.cfbundle; includeInIndex = 0; path = "2015-07-01-ColorfulTabBarAnimationTests.xctest"; sourceTree = BUILT_PRODUCTS_DIR; };
		9642BCA51B43C8A3003DC4EE /* Info.plist */ = {isa = PBXFileReference; lastKnownFileType = text.plist.xml; path = Info.plist; sourceTree = "<group>"; };
		9642BCA61B43C8A3003DC4EE /* _015_07_01_ColorfulTabBarAnimationTests.m */ = {isa = PBXFileReference; lastKnownFileType = sourcecode.c.objc; path = _015_07_01_ColorfulTabBarAnimationTests.m; sourceTree = "<group>"; };
		968EDDAE1BDE520C00CA74F1 /* UIColor+STColorInit.h */ = {isa = PBXFileReference; fileEncoding = 4; lastKnownFileType = sourcecode.c.h; path = "UIColor+STColorInit.h"; sourceTree = "<group>"; };
		968EDDAF1BDE520C00CA74F1 /* UIColor+STColorInit.m */ = {isa = PBXFileReference; fileEncoding = 4; lastKnownFileType = sourcecode.c.objc; path = "UIColor+STColorInit.m"; sourceTree = "<group>"; };
		969FCCA61B45049200D2913A /* TColorfulTabBar.h */ = {isa = PBXFileReference; fileEncoding = 4; lastKnownFileType = sourcecode.c.h; path = TColorfulTabBar.h; sourceTree = "<group>"; };
		969FCCA71B45049200D2913A /* TColorfulTabBar.m */ = {isa = PBXFileReference; fileEncoding = 4; lastKnownFileType = sourcecode.c.objc; path = TColorfulTabBar.m; sourceTree = "<group>"; };
		969FCCA91B4504A500D2913A /* TColorfulTabBar+Configuration.h */ = {isa = PBXFileReference; fileEncoding = 4; lastKnownFileType = sourcecode.c.h; path = "TColorfulTabBar+Configuration.h"; sourceTree = "<group>"; };
		969FCCAA1B4504A500D2913A /* TColorfulTabBar+Configuration.m */ = {isa = PBXFileReference; fileEncoding = 4; lastKnownFileType = sourcecode.c.objc; path = "TColorfulTabBar+Configuration.m"; sourceTree = "<group>"; };
/* End PBXFileReference section */

/* Begin PBXFrameworksBuildPhase section */
		9642BC841B43C8A3003DC4EE /* Frameworks */ = {
			isa = PBXFrameworksBuildPhase;
			buildActionMask = 2147483647;
			files = (
			);
			runOnlyForDeploymentPostprocessing = 0;
		};
		9642BC9D1B43C8A3003DC4EE /* Frameworks */ = {
			isa = PBXFrameworksBuildPhase;
			buildActionMask = 2147483647;
			files = (
			);
			runOnlyForDeploymentPostprocessing = 0;
		};
/* End PBXFrameworksBuildPhase section */

/* Begin PBXGroup section */
		332244E831DA4BA4139D49E7 /* Frameworks */ = {
			isa = PBXGroup;
			children = (
			);
			name = Frameworks;
			sourceTree = "<group>";
		};
		9642BC7E1B43C8A3003DC4EE = {
			isa = PBXGroup;
			children = (
				9642BC891B43C8A3003DC4EE /* 2015-07-01-ColorfulTabBarAnimation */,
				9642BCA31B43C8A3003DC4EE /* 2015-07-01-ColorfulTabBarAnimationTests */,
				9642BC881B43C8A3003DC4EE /* Products */,
				332244E831DA4BA4139D49E7 /* Frameworks */,
			);
			sourceTree = "<group>";
		};
		9642BC881B43C8A3003DC4EE /* Products */ = {
			isa = PBXGroup;
			children = (
				9642BC871B43C8A3003DC4EE /* 2015-07-01-ColorfulTabBarAnimation.app */,
				9642BCA01B43C8A3003DC4EE /* 2015-07-01-ColorfulTabBarAnimationTests.xctest */,
			);
			name = Products;
			sourceTree = "<group>";
		};
		9642BC891B43C8A3003DC4EE /* 2015-07-01-ColorfulTabBarAnimation */ = {
			isa = PBXGroup;
			children = (
				9642BC8E1B43C8A3003DC4EE /* AppDelegate.h */,
				9642BC8F1B43C8A3003DC4EE /* AppDelegate.m */,
				9642BC911B43C8A3003DC4EE /* ViewController.h */,
				9642BC921B43C8A3003DC4EE /* ViewController.m */,
				969FCCA51B45049200D2913A /* TColorfulTabBar */,
				9642BC941B43C8A3003DC4EE /* Main.storyboard */,
				9642BC971B43C8A3003DC4EE /* Images.xcassets */,
				9642BC991B43C8A3003DC4EE /* LaunchScreen.xib */,
				9642BC8A1B43C8A3003DC4EE /* Supporting Files */,
			);
			path = "2015-07-01-ColorfulTabBarAnimation";
			sourceTree = "<group>";
		};
		9642BC8A1B43C8A3003DC4EE /* Supporting Files */ = {
			isa = PBXGroup;
			children = (
				9642BC8B1B43C8A3003DC4EE /* Info.plist */,
				9642BC8C1B43C8A3003DC4EE /* main.m */,
			);
			name = "Supporting Files";
			sourceTree = "<group>";
		};
		9642BCA31B43C8A3003DC4EE /* 2015-07-01-ColorfulTabBarAnimationTests */ = {
			isa = PBXGroup;
			children = (
				9642BCA61B43C8A3003DC4EE /* _015_07_01_ColorfulTabBarAnimationTests.m */,
				9642BCA41B43C8A3003DC4EE /* Supporting Files */,
			);
			path = "2015-07-01-ColorfulTabBarAnimationTests";
			sourceTree = "<group>";
		};
		9642BCA41B43C8A3003DC4EE /* Supporting Files */ = {
			isa = PBXGroup;
			children = (
				9642BCA51B43C8A3003DC4EE /* Info.plist */,
			);
			name = "Supporting Files";
			sourceTree = "<group>";
		};
		969FCCA51B45049200D2913A /* TColorfulTabBar */ = {
			isa = PBXGroup;
			children = (
				969FCCA61B45049200D2913A /* TColorfulTabBar.h */,
				969FCCA71B45049200D2913A /* TColorfulTabBar.m */,
				969FCCA91B4504A500D2913A /* TColorfulTabBar+Configuration.h */,
				969FCCAA1B4504A500D2913A /* TColorfulTabBar+Configuration.m */,
				968EDDAE1BDE520C00CA74F1 /* UIColor+STColorInit.h */,
				968EDDAF1BDE520C00CA74F1 /* UIColor+STColorInit.m */,
			);
			path = TColorfulTabBar;
			sourceTree = "<group>";
		};
/* End PBXGroup section */

/* Begin PBXNativeTarget section */
		9642BC861B43C8A3003DC4EE /* 2015-07-01-ColorfulTabBarAnimation */ = {
			isa = PBXNativeTarget;
			buildConfigurationList = 9642BCAA1B43C8A3003DC4EE /* Build configuration list for PBXNativeTarget "2015-07-01-ColorfulTabBarAnimation" */;
			buildPhases = (
				9642BC831B43C8A3003DC4EE /* Sources */,
				9642BC841B43C8A3003DC4EE /* Frameworks */,
				9642BC851B43C8A3003DC4EE /* Resources */,
			);
			buildRules = (
			);
			dependencies = (
			);
			name = "2015-07-01-ColorfulTabBarAnimation";
			productName = "2015-07-01-ColorfulTabBarAnimation";
			productReference = 9642BC871B43C8A3003DC4EE /* 2015-07-01-ColorfulTabBarAnimation.app */;
			productType = "com.apple.product-type.application";
		};
		9642BC9F1B43C8A3003DC4EE /* 2015-07-01-ColorfulTabBarAnimationTests */ = {
			isa = PBXNativeTarget;
			buildConfigurationList = 9642BCAD1B43C8A3003DC4EE /* Build configuration list for PBXNativeTarget "2015-07-01-ColorfulTabBarAnimationTests" */;
			buildPhases = (
				9642BC9C1B43C8A3003DC4EE /* Sources */,
				9642BC9D1B43C8A3003DC4EE /* Frameworks */,
				9642BC9E1B43C8A3003DC4EE /* Resources */,
			);
			buildRules = (
			);
			dependencies = (
				9642BCA21B43C8A3003DC4EE /* PBXTargetDependency */,
			);
			name = "2015-07-01-ColorfulTabBarAnimationTests";
			productName = "2015-07-01-ColorfulTabBarAnimationTests";
			productReference = 9642BCA01B43C8A3003DC4EE /* 2015-07-01-ColorfulTabBarAnimationTests.xctest */;
			productType = "com.apple.product-type.bundle.unit-test";
		};
/* End PBXNativeTarget section */

/* Begin PBXProject section */
		9642BC7F1B43C8A3003DC4EE /* Project object */ = {
			isa = PBXProject;
			attributes = {
				LastUpgradeCheck = 0630;
				ORGANIZATIONNAME = tangjr;
				TargetAttributes = {
					9642BC861B43C8A3003DC4EE = {
						CreatedOnToolsVersion = 6.3.1;
					};
					9642BC9F1B43C8A3003DC4EE = {
						CreatedOnToolsVersion = 6.3.1;
						TestTargetID = 9642BC861B43C8A3003DC4EE;
					};
				};
			};
			buildConfigurationList = 9642BC821B43C8A3003DC4EE /* Build configuration list for PBXProject "2015-07-01-ColorfulTabBarAnimation" */;
			compatibilityVersion = "Xcode 3.2";
			developmentRegion = English;
			hasScannedForEncodings = 0;
			knownRegions = (
				en,
				Base,
			);
			mainGroup = 9642BC7E1B43C8A3003DC4EE;
			productRefGroup = 9642BC881B43C8A3003DC4EE /* Products */;
			projectDirPath = "";
			projectRoot = "";
			targets = (
				9642BC861B43C8A3003DC4EE /* 2015-07-01-ColorfulTabBarAnimation */,
				9642BC9F1B43C8A3003DC4EE /* 2015-07-01-ColorfulTabBarAnimationTests */,
			);
		};
/* End PBXProject section */

/* Begin PBXResourcesBuildPhase section */
		9642BC851B43C8A3003DC4EE /* Resources */ = {
			isa = PBXResourcesBuildPhase;
			buildActionMask = 2147483647;
			files = (
				9642BC961B43C8A3003DC4EE /* Main.storyboard in Resources */,
				9642BC9B1B43C8A3003DC4EE /* LaunchScreen.xib in Resources */,
				9642BC981B43C8A3003DC4EE /* Images.xcassets in Resources */,
			);
			runOnlyForDeploymentPostprocessing = 0;
		};
		9642BC9E1B43C8A3003DC4EE /* Resources */ = {
			isa = PBXResourcesBuildPhase;
			buildActionMask = 2147483647;
			files = (
			);
			runOnlyForDeploymentPostprocessing = 0;
		};
/* End PBXResourcesBuildPhase section */

/* Begin PBXSourcesBuildPhase section */
		9642BC831B43C8A3003DC4EE /* Sources */ = {
			isa = PBXSourcesBuildPhase;
			buildActionMask = 2147483647;
			files = (
				968EDDB01BDE520C00CA74F1 /* UIColor+STColorInit.m in Sources */,
				969FCCA81B45049200D2913A /* TColorfulTabBar.m in Sources */,
				9642BC931B43C8A3003DC4EE /* ViewController.m in Sources */,
				9642BC901B43C8A3003DC4EE /* AppDelegate.m in Sources */,
				969FCCAB1B4504A500D2913A /* TColorfulTabBar+Configuration.m in Sources */,
				9642BC8D1B43C8A3003DC4EE /* main.m in Sources */,
			);
			runOnlyForDeploymentPostprocessing = 0;
		};
		9642BC9C1B43C8A3003DC4EE /* Sources */ = {
			isa = PBXSourcesBuildPhase;
			buildActionMask = 2147483647;
			files = (
				9642BCA71B43C8A3003DC4EE /* _015_07_01_ColorfulTabBarAnimationTests.m in Sources */,
			);
			runOnlyForDeploymentPostprocessing = 0;
		};
/* End PBXSourcesBuildPhase section */

/* Begin PBXTargetDependency section */
		9642BCA21B43C8A3003DC4EE /* PBXTargetDependency */ = {
			isa = PBXTargetDependency;
			target = 9642BC861B43C8A3003DC4EE /* 2015-07-01-ColorfulTabBarAnimation */;
			targetProxy = 9642BCA11B43C8A3003DC4EE /* PBXContainerItemProxy */;
		};
/* End PBXTargetDependency section */

/* Begin PBXVariantGroup section */
		9642BC941B43C8A3003DC4EE /* Main.storyboard */ = {
			isa = PBXVariantGroup;
			children = (
				9642BC951B43C8A3003DC4EE /* Base */,
			);
			name = Main.storyboard;
			sourceTree = "<group>";
		};
		9642BC991B43C8A3003DC4EE /* LaunchScreen.xib */ = {
			isa = PBXVariantGroup;
			children = (
				9642BC9A1B43C8A3003DC4EE /* Base */,
			);
			name = LaunchScreen.xib;
			sourceTree = "<group>";
		};
/* End PBXVariantGroup section */

/* Begin XCBuildConfiguration section */
		9642BCA81B43C8A3003DC4EE /* Debug */ = {
			isa = XCBuildConfiguration;
			buildSettings = {
				ALWAYS_SEARCH_USER_PATHS = NO;
				CLANG_CXX_LANGUAGE_STANDARD = "gnu++0x";
				CLANG_CXX_LIBRARY = "libc++";
				CLANG_ENABLE_MODULES = YES;
				CLANG_ENABLE_OBJC_ARC = YES;
				CLANG_WARN_BOOL_CONVERSION = YES;
				CLANG_WARN_CONSTANT_CONVERSION = YES;
				CLANG_WARN_DIRECT_OBJC_ISA_USAGE = YES_ERROR;
				CLANG_WARN_EMPTY_BODY = YES;
				CLANG_WARN_ENUM_CONVERSION = YES;
				CLANG_WARN_INT_CONVERSION = YES;
				CLANG_WARN_OBJC_ROOT_CLASS = YES_ERROR;
				CLANG_WARN_UNREACHABLE_CODE = YES;
				CLANG_WARN__DUPLICATE_METHOD_MATCH = YES;
				"CODE_SIGN_IDENTITY[sdk=iphoneos*]" = "iPhone Developer";
				COPY_PHASE_STRIP = NO;
				DEBUG_INFORMATION_FORMAT = "dwarf-with-dsym";
				ENABLE_STRICT_OBJC_MSGSEND = YES;
				GCC_C_LANGUAGE_STANDARD = gnu99;
				GCC_DYNAMIC_NO_PIC = NO;
				GCC_NO_COMMON_BLOCKS = YES;
				GCC_OPTIMIZATION_LEVEL = 0;
				GCC_PREPROCESSOR_DEFINITIONS = (
					"DEBUG=1",
					"$(inherited)",
				);
				GCC_SYMBOLS_PRIVATE_EXTERN = NO;
				GCC_WARN_64_TO_32_BIT_CONVERSION = YES;
				GCC_WARN_ABOUT_RETURN_TYPE = YES_ERROR;
				GCC_WARN_UNDECLARED_SELECTOR = YES;
				GCC_WARN_UNINITIALIZED_AUTOS = YES_AGGRESSIVE;
				GCC_WARN_UNUSED_FUNCTION = YES;
				GCC_WARN_UNUSED_VARIABLE = YES;
				IPHONEOS_DEPLOYMENT_TARGET = 8.3;
				MTL_ENABLE_DEBUG_INFO = YES;
				ONLY_ACTIVE_ARCH = YES;
				SDKROOT = iphoneos;
			};
			name = Debug;
		};
		9642BCA91B43C8A3003DC4EE /* Release */ = {
			isa = XCBuildConfiguration;
			buildSettings = {
				ALWAYS_SEARCH_USER_PATHS = NO;
				CLANG_CXX_LANGUAGE_STANDARD = "gnu++0x";
				CLANG_CXX_LIBRARY = "libc++";
				CLANG_ENABLE_MODULES = YES;
				CLANG_ENABLE_OBJC_ARC = YES;
				CLANG_WARN_BOOL_CONVERSION = YES;
				CLANG_WARN_CONSTANT_CONVERSION = YES;
				CLANG_WARN_DIRECT_OBJC_ISA_USAGE = YES_ERROR;
				CLANG_WARN_EMPTY_BODY = YES;
				CLANG_WARN_ENUM_CONVERSION = YES;
				CLANG_WARN_INT_CONVERSION = YES;
				CLANG_WARN_OBJC_ROOT_CLASS = YES_ERROR;
				CLANG_WARN_UNREACHABLE_CODE = YES;
				CLANG_WARN__DUPLICATE_METHOD_MATCH = YES;
				"CODE_SIGN_IDENTITY[sdk=iphoneos*]" = "iPhone Developer";
				COPY_PHASE_STRIP = NO;
				DEBUG_INFORMATION_FORMAT = "dwarf-with-dsym";
				ENABLE_NS_ASSERTIONS = NO;
				ENABLE_STRICT_OBJC_MSGSEND = YES;
				GCC_C_LANGUAGE_STANDARD = gnu99;
				GCC_NO_COMMON_BLOCKS = YES;
				GCC_WARN_64_TO_32_BIT_CONVERSION = YES;
				GCC_WARN_ABOUT_RETURN_TYPE = YES_ERROR;
				GCC_WARN_UNDECLARED_SELECTOR = YES;
				GCC_WARN_UNINITIALIZED_AUTOS = YES_AGGRESSIVE;
				GCC_WARN_UNUSED_FUNCTION = YES;
				GCC_WARN_UNUSED_VARIABLE = YES;
				IPHONEOS_DEPLOYMENT_TARGET = 8.3;
				MTL_ENABLE_DEBUG_INFO = NO;
				SDKROOT = iphoneos;
				VALIDATE_PRODUCT = YES;
			};
			name = Release;
		};
		9642BCAB1B43C8A3003DC4EE /* Debug */ = {
			isa = XCBuildConfiguration;
			buildSettings = {
				ASSETCATALOG_COMPILER_APPICON_NAME = AppIcon;
				CODE_SIGN_IDENTITY = "iPhone Developer: Jiarong Tang (FAART6M2QD)";
				INFOPLIST_FILE = "2015-07-01-ColorfulTabBarAnimation/Info.plist";
				LD_RUNPATH_SEARCH_PATHS = "$(inherited) @executable_path/Frameworks";
				PRODUCT_BUNDLE_IDENTIFIER = com.saitjr.colorfulTabBar;
				PRODUCT_NAME = "$(TARGET_NAME)";
				PROVISIONING_PROFILE = "786e4bff-7976-4a9e-8fca-68a8cf95f2ad";
			};
			name = Debug;
		};
		9642BCAC1B43C8A3003DC4EE /* Release */ = {
			isa = XCBuildConfiguration;
			buildSettings = {
				ASSETCATALOG_COMPILER_APPICON_NAME = AppIcon;
				CODE_SIGN_IDENTITY = "iPhone Developer: Jiarong Tang (FAART6M2QD)";
				INFOPLIST_FILE = "2015-07-01-ColorfulTabBarAnimation/Info.plist";
				LD_RUNPATH_SEARCH_PATHS = "$(inherited) @executable_path/Frameworks";
				PRODUCT_BUNDLE_IDENTIFIER = com.saitjr.colorfulTabBar;
				PRODUCT_NAME = "$(TARGET_NAME)";
				PROVISIONING_PROFILE = "786e4bff-7976-4a9e-8fca-68a8cf95f2ad";
			};
			name = Release;
		};
		9642BCAE1B43C8A3003DC4EE /* Debug */ = {
			isa = XCBuildConfiguration;
			buildSettings = {
				BUNDLE_LOADER = "$(TEST_HOST)";
				FRAMEWORK_SEARCH_PATHS = (
					"$(SDKROOT)/Developer/Library/Frameworks",
					"$(inherited)",
				);
				GCC_PREPROCESSOR_DEFINITIONS = (
					"DEBUG=1",
					"$(inherited)",
				);
				INFOPLIST_FILE = "2015-07-01-ColorfulTabBarAnimationTests/Info.plist";
				LD_RUNPATH_SEARCH_PATHS = "$(inherited) @executable_path/Frameworks @loader_path/Frameworks";
				PRODUCT_NAME = "$(TARGET_NAME)";
				TEST_HOST = "$(BUILT_PRODUCTS_DIR)/2015-07-01-ColorfulTabBarAnimation.app/2015-07-01-ColorfulTabBarAnimation";
			};
			name = Debug;
		};
		9642BCAF1B43C8A3003DC4EE /* Release */ = {
			isa = XCBuildConfiguration;
			buildSettings = {
				BUNDLE_LOADER = "$(TEST_HOST)";
				FRAMEWORK_SEARCH_PATHS = (
					"$(SDKROOT)/Developer/Library/Frameworks",
					"$(inherited)",
				);
				INFOPLIST_FILE = "2015-07-01-ColorfulTabBarAnimationTests/Info.plist";
				LD_RUNPATH_SEARCH_PATHS = "$(inherited) @executable_path/Frameworks @loader_path/Frameworks";
				PRODUCT_NAME = "$(TARGET_NAME)";
				TEST_HOST = "$(BUILT_PRODUCTS_DIR)/2015-07-01-ColorfulTabBarAnimation.app/2015-07-01-ColorfulTabBarAnimation";
			};
			name = Release;
		};
/* End XCBuildConfiguration section */

/* Begin XCConfigurationList section */
		9642BC821B43C8A3003DC4EE /* Build configuration list for PBXProject "2015-07-01-ColorfulTabBarAnimation" */ = {
			isa = XCConfigurationList;
			buildConfigurations = (
				9642BCA81B43C8A3003DC4EE /* Debug */,
				9642BCA91B43C8A3003DC4EE /* Release */,
			);
			defaultConfigurationIsVisible = 0;
			defaultConfigurationName = Release;
		};
		9642BCAA1B43C8A3003DC4EE /* Build configuration list for PBXNativeTarget "2015-07-01-ColorfulTabBarAnimation" */ = {
			isa = XCConfigurationList;
			buildConfigurations = (
				9642BCAB1B43C8A3003DC4EE /* Debug */,
				9642BCAC1B43C8A3003DC4EE /* Release */,
			);
			defaultConfigurationIsVisible = 0;
			defaultConfigurationName = Release;
		};
		9642BCAD1B43C8A3003DC4EE /* Build configuration list for PBXNativeTarget "2015-07-01-ColorfulTabBarAnimationTests" */ = {
			isa = XCConfigurationList;
			buildConfigurations = (
				9642BCAE1B43C8A3003DC4EE /* Debug */,
				9642BCAF1B43C8A3003DC4EE /* Release */,
			);
			defaultConfigurationIsVisible = 0;
			defaultConfigurationName = Release;
		};
/* End XCConfigurationList section */
	};
	rootObject = 9642BC7F1B43C8A3003DC4EE /* Project object */;
}
